{
  "name": "typescript_challenges",
  "version": "1.0.0",
  "lockfileVersion": 2,
  "requires": true,
  "packages": {
    "": {
      "name": "typescript_challenges",
      "version": "1.0.0",
      "license": "ISC",
      "dependencies": {
        "ts-toolbelt": "^9.6.0",
        "typescript": "^4.8.4"
      }
    },
    "node_modules/ts-toolbelt": {
      "version": "9.6.0",
      "resolved": "https://registry.npmjs.org/ts-toolbelt/-/ts-toolbelt-9.6.0.tgz",
      "integrity": "sha512-nsZd8ZeNUzukXPlJmTBwUAuABDe/9qtVDelJeT/qW0ow3ZS3BsQJtNkan1802aM9Uf68/Y8ljw86Hu0h5IUW3w=="
    },
    "node_modules/typescript": {
      "version": "4.8.4",
      "resolved": "https://registry.npmjs.org/typescript/-/typescript-4.8.4.tgz",
      "integrity": "sha512-QCh+85mCy+h0IGff8r5XWzOVSbBO+KfeYrMQh7NJ58QujwcE22u+NUSmUxqF+un70P9GXKxa2HCNiTTMJknyjQ==",
      "bin": {
        "tsc": "bin/tsc",
        "tsserver": "bin/tsserver"
      },
      "engines": {
        "node": ">=4.2.0"
      }
    }
  },
  "dependencies": {
    "ts-toolbelt": {
      "version": "9.6.0",
      "resolved": "https://registry.npmjs.org/ts-toolbelt/-/ts-toolbelt-9.6.0.tgz",
      "integrity": "sha512-nsZd8ZeNUzukXPlJmTBwUAuABDe/9qtVDelJeT/qW0ow3ZS3BsQJtNkan1802aM9Uf68/Y8ljw86Hu0h5IUW3w=="
    },
    "typescript": {
      "version": "4.8.4",
      "resolved": "https://registry.npmjs.org/typescript/-/typescript-4.8.4.tgz",
      "integrity": "sha512-QCh+85mCy+h0IGff8r5XWzOVSbBO+KfeYrMQh7NJ58QujwcE22u+NUSmUxqF+un70P9GXKxa2HCNiTTMJknyjQ=="
    }
  }
}
